
Microsoft Visual Studio Solution File, Format Version 12.00
# Visual Studio 15
VisualStudioVersion = 15.0.27703.2042
MinimumVisualStudioVersion = 10.0.40219.1
Project("{FAE04EC0-301F-11D3-BF4B-00C04F79EFBC}") = "Tests", "Tests\Tests.csproj", "{D6AA0E3A-48A2-4B38-908B-C75C855D9B41}"
EndProject
Project("{FAE04EC0-301F-11D3-BF4B-00C04F79EFBC}") = "ToWords", "ToWords\ToWords.csproj", "{DA518BE8-AFD1-4729-9E35-52881A472FCF}"
EndProject
Global
	GlobalSection(SolutionConfigurationPlatforms) = preSolution
		Debug|Any CPU = Debug|Any CPU
		Release|Any CPU = Release|Any CPU
	EndGlobalSection
	GlobalSection(ProjectConfigurationPlatforms) = postSolution
		{D6AA0E3A-48A2-4B38-908B-C75C855D9B41}.Debug|Any CPU.ActiveCfg = Debug|Any CPU
		{D6AA0E3A-48A2-4B38-908B-C75C855D9B41}.Debug|Any CPU.Build.0 = Debug|Any CPU
		{D6AA0E3A-48A2-4B38-908B-C75C855D9B41}.Release|Any CPU.ActiveCfg = Release|Any CPU
		{D6AA0E3A-48A2-4B38-908B-C75C855D9B41}.Release|Any CPU.Build.0 = Release|Any CPU
		{DA518BE8-AFD1-4729-9E35-52881A472FCF}.Debug|Any CPU.ActiveCfg = Debug|Any CPU
		{DA518BE8-AFD1-4729-9E35-52881A472FCF}.Debug|Any CPU.Build.0 = Debug|Any CPU
		{DA518BE8-AFD1-4729-9E35-52881A472FCF}.Release|Any CPU.ActiveCfg = Release|Any CPU
		{DA518BE8-AFD1-4729-9E35-52881A472FCF}.Release|Any CPU.Build.0 = Release|Any CPU
	EndGlobalSection
	GlobalSection(SolutionProperties) = preSolution
		HideSolutionNode = FALSE
	EndGlobalSection
	GlobalSection(ExtensibilityGlobals) = postSolution
		SolutionGuid = {3982A2FB-7218-4DEC-8178-19125B16806A}
	EndGlobalSection
EndGlobal
